{
  "name": "wheelchair-blockchain",
  "version": "1.0.0",
  "lockfileVersion": 2,
  "requires": true,
  "packages": {
    "": {
      "name": "wheelchair-blockchain",
      "version": "1.0.0",
      "license": "ISC",
      "dependencies": {
        "@types/crypto-js": "^4.1.1",
        "@types/randomstring": "^1.1.8",
        "crypto-js": "^4.1.1",
        "randomstring": "^1.2.3",
        "ts-randomstring": "^1.0.8"
      },
      "devDependencies": {
        "@types/node": "^18.15.11"
      }
    },
    "node_modules/@types/crypto-js": {
      "version": "4.1.1",
      "resolved": "https://registry.npmjs.org/@types/crypto-js/-/crypto-js-4.1.1.tgz",
      "integrity": "sha512-BG7fQKZ689HIoc5h+6D2Dgq1fABRa0RbBWKBd9SP/MVRVXROflpm5fhwyATX5duFmbStzyzyycPB8qUYKDH3NA=="
    },
    "node_modules/@types/node": {
      "version": "18.15.11",
      "resolved": "https://registry.npmjs.org/@types/node/-/node-18.15.11.tgz",
      "integrity": "sha512-E5Kwq2n4SbMzQOn6wnmBjuK9ouqlURrcZDVfbo9ftDDTFt3nk7ZKK4GMOzoYgnpQJKcxwQw+lGaBvvlMo0qN/Q==",
      "dev": true
    },
    "node_modules/@types/randomstring": {
      "version": "1.1.8",
      "resolved": "https://registry.npmjs.org/@types/randomstring/-/randomstring-1.1.8.tgz",
      "integrity": "sha512-NPOJcW+TTjT9Qiog0UjSoG3Sj24c7EfzZO39BU9E61D7fQtwNmBNblyQhSsK9+5s9Fm0o31rvX+ZyZkpE/c7jA=="
    },
    "node_modules/array-uniq": {
      "version": "1.0.2",
      "resolved": "https://registry.npmjs.org/array-uniq/-/array-uniq-1.0.2.tgz",
      "integrity": "sha512-GVYjmpL05al4dNlKJm53mKE4w9OOLiuVHWorsIA3YVz+Hu0hcn6PtE3Ydl0EqU7v+7ABC4mjjWsnLUxbpno+CA==",
      "engines": {
        "node": ">=0.10.0"
      }
    },
    "node_modules/crypto-js": {
      "version": "4.1.1",
      "resolved": "https://registry.npmjs.org/crypto-js/-/crypto-js-4.1.1.tgz",
      "integrity": "sha512-o2JlM7ydqd3Qk9CA0L4NL6mTzU2sdx96a+oOfPu8Mkl/PK51vSyoi8/rQ8NknZtk44vq15lmhAj9CIAGwgeWKw=="
    },
    "node_modules/randombytes": {
      "version": "2.0.3",
      "resolved": "https://registry.npmjs.org/randombytes/-/randombytes-2.0.3.tgz",
      "integrity": "sha512-lDVjxQQFoCG1jcrP06LNo2lbWp4QTShEXnhActFBwYuHprllQV6VUpwreApsYqCgD+N1mHoqJ/BI/4eV4R2GYg=="
    },
    "node_modules/randomstring": {
      "version": "1.2.3",
      "resolved": "https://registry.npmjs.org/randomstring/-/randomstring-1.2.3.tgz",
      "integrity": "sha512-3dEFySepTzp2CvH6W/ASYGguPPveBuz5MpZ7MuoUkoVehmyNl9+F9c9GFVrz2QPbM9NXTIHGcmJDY/3j4677kQ==",
      "dependencies": {
        "array-uniq": "1.0.2",
        "randombytes": "2.0.3"
      },
      "bin": {
        "randomstring": "bin/randomstring"
      },
      "engines": {
        "node": "*"
      }
    },
    "node_modules/ts-randomstring": {
      "version": "1.0.8",
      "resolved": "https://registry.npmjs.org/ts-randomstring/-/ts-randomstring-1.0.8.tgz",
      "integrity": "sha512-sZeKpZl5Od7exAW2FsAFTWxtUj7mjwqmwjlVxpF9ZWmFXyEn1JZMxIqhsrZ8uuXLC69pQ1+wFb2/Bym3mzd/aA==",
      "dependencies": {
        "@types/node": "^16.3.1"
      }
    },
    "node_modules/ts-randomstring/node_modules/@types/node": {
      "version": "16.18.23",
      "resolved": "https://registry.npmjs.org/@types/node/-/node-16.18.23.tgz",
      "integrity": "sha512-XAMpaw1s1+6zM+jn2tmw8MyaRDIJfXxqmIQIS0HfoGYPuf7dUWeiUKopwq13KFX9lEp1+THGtlaaYx39Nxr58g=="
    }
  },
  "dependencies": {
    "@types/crypto-js": {
      "version": "4.1.1",
      "resolved": "https://registry.npmjs.org/@types/crypto-js/-/crypto-js-4.1.1.tgz",
      "integrity": "sha512-BG7fQKZ689HIoc5h+6D2Dgq1fABRa0RbBWKBd9SP/MVRVXROflpm5fhwyATX5duFmbStzyzyycPB8qUYKDH3NA=="
    },
    "@types/node": {
      "version": "18.15.11",
      "resolved": "https://registry.npmjs.org/@types/node/-/node-18.15.11.tgz",
      "integrity": "sha512-E5Kwq2n4SbMzQOn6wnmBjuK9ouqlURrcZDVfbo9ftDDTFt3nk7ZKK4GMOzoYgnpQJKcxwQw+lGaBvvlMo0qN/Q==",
      "dev": true
    },
    "@types/randomstring": {
      "version": "1.1.8",
      "resolved": "https://registry.npmjs.org/@types/randomstring/-/randomstring-1.1.8.tgz",
      "integrity": "sha512-NPOJcW+TTjT9Qiog0UjSoG3Sj24c7EfzZO39BU9E61D7fQtwNmBNblyQhSsK9+5s9Fm0o31rvX+ZyZkpE/c7jA=="
    },
    "array-uniq": {
      "version": "1.0.2",
      "resolved": "https://registry.npmjs.org/array-uniq/-/array-uniq-1.0.2.tgz",
      "integrity": "sha512-GVYjmpL05al4dNlKJm53mKE4w9OOLiuVHWorsIA3YVz+Hu0hcn6PtE3Ydl0EqU7v+7ABC4mjjWsnLUxbpno+CA=="
    },
    "crypto-js": {
      "version": "4.1.1",
      "resolved": "https://registry.npmjs.org/crypto-js/-/crypto-js-4.1.1.tgz",
      "integrity": "sha512-o2JlM7ydqd3Qk9CA0L4NL6mTzU2sdx96a+oOfPu8Mkl/PK51vSyoi8/rQ8NknZtk44vq15lmhAj9CIAGwgeWKw=="
    },
    "randombytes": {
      "version": "2.0.3",
      "resolved": "https://registry.npmjs.org/randombytes/-/randombytes-2.0.3.tgz",
      "integrity": "sha512-lDVjxQQFoCG1jcrP06LNo2lbWp4QTShEXnhActFBwYuHprllQV6VUpwreApsYqCgD+N1mHoqJ/BI/4eV4R2GYg=="
    },
    "randomstring": {
      "version": "1.2.3",
      "resolved": "https://registry.npmjs.org/randomstring/-/randomstring-1.2.3.tgz",
      "integrity": "sha512-3dEFySepTzp2CvH6W/ASYGguPPveBuz5MpZ7MuoUkoVehmyNl9+F9c9GFVrz2QPbM9NXTIHGcmJDY/3j4677kQ==",
      "requires": {
        "array-uniq": "1.0.2",
        "randombytes": "2.0.3"
      }
    },
    "ts-randomstring": {
      "version": "1.0.8",
      "resolved": "https://registry.npmjs.org/ts-randomstring/-/ts-randomstring-1.0.8.tgz",
      "integrity": "sha512-sZeKpZl5Od7exAW2FsAFTWxtUj7mjwqmwjlVxpF9ZWmFXyEn1JZMxIqhsrZ8uuXLC69pQ1+wFb2/Bym3mzd/aA==",
      "requires": {
        "@types/node": "^16.3.1"
      },
      "dependencies": {
        "@types/node": {
          "version": "16.18.23",
          "resolved": "https://registry.npmjs.org/@types/node/-/node-16.18.23.tgz",
          "integrity": "sha512-XAMpaw1s1+6zM+jn2tmw8MyaRDIJfXxqmIQIS0HfoGYPuf7dUWeiUKopwq13KFX9lEp1+THGtlaaYx39Nxr58g=="
        }
      }
    }
  }
}
